// !$*UTF8*$!
{
	archiveVersion = 1;
	classes = {
	};
	objectVersion = 55;
	objects = {

/* Begin PBXBuildFile section */
		A642FD24FACD9BBF341ECC49 /* Pods_UIPinExample.framework in Frameworks */ = {isa = PBXBuildFile; fileRef = A37D2030577E2B66BB4F2656 /* Pods_UIPinExample.framework */; };
		B152643E276D8019001AD84C /* AfterPinViewController.swift in Sources */ = {isa = PBXBuildFile; fileRef = B152643D276D8019001AD84C /* AfterPinViewController.swift */; };
		B1D7E770276D7B5C0057E92A /* AppDelegate.swift in Sources */ = {isa = PBXBuildFile; fileRef = B1D7E76F276D7B5C0057E92A /* AppDelegate.swift */; };
		B1D7E772276D7B5C0057E92A /* SceneDelegate.swift in Sources */ = {isa = PBXBuildFile; fileRef = B1D7E771276D7B5C0057E92A /* SceneDelegate.swift */; };
		B1D7E774276D7B5C0057E92A /* PinViewController.swift in Sources */ = {isa = PBXBuildFile; fileRef = B1D7E773276D7B5C0057E92A /* PinViewController.swift */; };
		B1D7E779276D7B5E0057E92A /* Assets.xcassets in Resources */ = {isa = PBXBuildFile; fileRef = B1D7E778276D7B5E0057E92A /* Assets.xcassets */; };
		B1D7E77C276D7B5E0057E92A /* LaunchScreen.storyboard in Resources */ = {isa = PBXBuildFile; fileRef = B1D7E77A276D7B5E0057E92A /* LaunchScreen.storyboard */; };
/* End PBXBuildFile section */

/* Begin PBXFileReference section */
		36272891BFAE93A06B565D71 /* Pods-UIPinExample.release.xcconfig */ = {isa = PBXFileReference; includeInIndex = 1; lastKnownFileType = text.xcconfig; name = "Pods-UIPinExample.release.xcconfig"; path = "Target Support Files/Pods-UIPinExample/Pods-UIPinExample.release.xcconfig"; sourceTree = "<group>"; };
		A37D2030577E2B66BB4F2656 /* Pods_UIPinExample.framework */ = {isa = PBXFileReference; explicitFileType = wrapper.framework; includeInIndex = 0; path = Pods_UIPinExample.framework; sourceTree = BUILT_PRODUCTS_DIR; };
		B152643D276D8019001AD84C /* AfterPinViewController.swift */ = {isa = PBXFileReference; lastKnownFileType = sourcecode.swift; path = AfterPinViewController.swift; sourceTree = "<group>"; };
		B1D7E76C276D7B5C0057E92A /* UIPinExample.app */ = {isa = PBXFileReference; explicitFileType = wrapper.application; includeInIndex = 0; path = UIPinExample.app; sourceTree = BUILT_PRODUCTS_DIR; };
		B1D7E76F276D7B5C0057E92A /* AppDelegate.swift */ = {isa = PBXFileReference; lastKnownFileType = sourcecode.swift; path = AppDelegate.swift; sourceTree = "<group>"; };
		B1D7E771276D7B5C0057E92A /* SceneDelegate.swift */ = {isa = PBXFileReference; lastKnownFileType = sourcecode.swift; path = SceneDelegate.swift; sourceTree = "<group>"; };
		B1D7E773276D7B5C0057E92A /* PinViewController.swift */ = {isa = PBXFileReference; lastKnownFileType = sourcecode.swift; path = PinViewController.swift; sourceTree = "<group>"; };
		B1D7E778276D7B5E0057E92A /* Assets.xcassets */ = {isa = PBXFileReference; lastKnownFileType = folder.assetcatalog; path = Assets.xcassets; sourceTree = "<group>"; };
		B1D7E77B276D7B5E0057E92A /* Base */ = {isa = PBXFileReference; lastKnownFileType = file.storyboard; name = Base; path = Base.lproj/LaunchScreen.storyboard; sourceTree = "<group>"; };
		B1D7E77D276D7B5E0057E92A /* Info.plist */ = {isa = PBXFileReference; lastKnownFileType = text.plist.xml; path = Info.plist; sourceTree = "<group>"; };
		FE493BC2F84A292E0F4614FD /* Pods-UIPinExample.debug.xcconfig */ = {isa = PBXFileReference; includeInIndex = 1; lastKnownFileType = text.xcconfig; name = "Pods-UIPinExample.debug.xcconfig"; path = "Target Support Files/Pods-UIPinExample/Pods-UIPinExample.debug.xcconfig"; sourceTree = "<group>"; };
/* End PBXFileReference section */

/* Begin PBXFrameworksBuildPhase section */
		B1D7E769276D7B5C0057E92A /* Frameworks */ = {
			isa = PBXFrameworksBuildPhase;
			buildActionMask = 2147483647;
			files = (
				A642FD24FACD9BBF341ECC49 /* Pods_UIPinExample.framework in Frameworks */,
			);
			runOnlyForDeploymentPostprocessing = 0;
		};
/* End PBXFrameworksBuildPhase section */

/* Begin PBXGroup section */
		1C71995BBC3A81FC714E1633 /* Pods */ = {
			isa = PBXGroup;
			children = (
				FE493BC2F84A292E0F4614FD /* Pods-UIPinExample.debug.xcconfig */,
				36272891BFAE93A06B565D71 /* Pods-UIPinExample.release.xcconfig */,
			);
			path = Pods;
			sourceTree = "<group>";
		};
		7C97DE3711AC9B4C51195E00 /* Frameworks */ = {
			isa = PBXGroup;
			children = (
				A37D2030577E2B66BB4F2656 /* Pods_UIPinExample.framework */,
			);
			name = Frameworks;
			sourceTree = "<group>";
		};
		B152643F276D808C001AD84C /* Controller */ = {
			isa = PBXGroup;
			children = (
				B1D7E773276D7B5C0057E92A /* PinViewController.swift */,
				B152643D276D8019001AD84C /* AfterPinViewController.swift */,
			);
			path = Controller;
			sourceTree = "<group>";
		};
		B1D7E763276D7B5C0057E92A = {
			isa = PBXGroup;
			children = (
				B1D7E76E276D7B5C0057E92A /* UIPinExample */,
				B1D7E76D276D7B5C0057E92A /* Products */,
				1C71995BBC3A81FC714E1633 /* Pods */,
				7C97DE3711AC9B4C51195E00 /* Frameworks */,
			);
			sourceTree = "<group>";
		};
		B1D7E76D276D7B5C0057E92A /* Products */ = {
			isa = PBXGroup;
			children = (
				B1D7E76C276D7B5C0057E92A /* UIPinExample.app */,
			);
			name = Products;
			sourceTree = "<group>";
		};
		B1D7E76E276D7B5C0057E92A /* UIPinExample */ = {
			isa = PBXGroup;
			children = (
				B152643F276D808C001AD84C /* Controller */,
				B1D7E76F276D7B5C0057E92A /* AppDelegate.swift */,
				B1D7E771276D7B5C0057E92A /* SceneDelegate.swift */,
				B1D7E778276D7B5E0057E92A /* Assets.xcassets */,
				B1D7E77A276D7B5E0057E92A /* LaunchScreen.storyboard */,
				B1D7E77D276D7B5E0057E92A /* Info.plist */,
			);
			path = UIPinExample;
			sourceTree = "<group>";
		};
/* End PBXGroup section */

/* Begin PBXNativeTarget section */
		B1D7E76B276D7B5C0057E92A /* UIPinExample */ = {
			isa = PBXNativeTarget;
			buildConfigurationList = B1D7E780276D7B5E0057E92A /* Build configuration list for PBXNativeTarget "UIPinExample" */;
			buildPhases = (
				22B7025558BB48D9A2019350 /* [CP] Check Pods Manifest.lock */,
				B1D7E768276D7B5C0057E92A /* Sources */,
				B1D7E769276D7B5C0057E92A /* Frameworks */,
				B1D7E76A276D7B5C0057E92A /* Resources */,
				8AE3D8774F1D3EA812C97129 /* [CP] Embed Pods Frameworks */,
			);
			buildRules = (
			);
			dependencies = (
			);
			name = UIPinExample;
			productName = UIPinExample;
			productReference = B1D7E76C276D7B5C0057E92A /* UIPinExample.app */;
			productType = "com.apple.product-type.application";
		};
/* End PBXNativeTarget section */

/* Begin PBXProject section */
		B1D7E764276D7B5C0057E92A /* Project object */ = {
			isa = PBXProject;
			attributes = {
				BuildIndependentTargetsInParallel = 1;
				LastSwiftUpdateCheck = 1320;
				LastUpgradeCheck = 1320;
				TargetAttributes = {
					B1D7E76B276D7B5C0057E92A = {
						CreatedOnToolsVersion = 13.2;
					};
				};
			};
			buildConfigurationList = B1D7E767276D7B5C0057E92A /* Build configuration list for PBXProject "UIPinExample" */;
			compatibilityVersion = "Xcode 13.0";
			developmentRegion = en;
			hasScannedForEncodings = 0;
			knownRegions = (
				en,
				Base,
			);
			mainGroup = B1D7E763276D7B5C0057E92A;
			productRefGroup = B1D7E76D276D7B5C0057E92A /* Products */;
			projectDirPath = "";
			projectRoot = "";
			targets = (
				B1D7E76B276D7B5C0057E92A /* UIPinExample */,
			);
		};
/* End PBXProject section */

/* Begin PBXResourcesBuildPhase section */
		B1D7E76A276D7B5C0057E92A /* Resources */ = {
			isa = PBXResourcesBuildPhase;
			buildActionMask = 2147483647;
			files = (
				B1D7E77C276D7B5E0057E92A /* LaunchScreen.storyboard in Resources */,
				B1D7E779276D7B5E0057E92A /* Assets.xcassets in Resources */,
			);
			runOnlyForDeploymentPostprocessing = 0;
		};
/* End PBXResourcesBuildPhase section */

/* Begin PBXShellScriptBuildPhase section */
		22B7025558BB48D9A2019350 /* [CP] Check Pods Manifest.lock */ = {
			isa = PBXShellScriptBuildPhase;
			buildActionMask = 2147483647;
			files = (
			);
			inputFileListPaths = (
			);
			inputPaths = (
				"${PODS_PODFILE_DIR_PATH}/Podfile.lock",
				"${PODS_ROOT}/Manifest.lock",
			);
			name = "[CP] Check Pods Manifest.lock";
			outputFileListPaths = (
			);
			outputPaths = (
				"$(DERIVED_FILE_DIR)/Pods-UIPinExample-checkManifestLockResult.txt",
			);
			runOnlyForDeploymentPostprocessing = 0;
			shellPath = /bin/sh;
			shellScript = "diff \"${PODS_PODFILE_DIR_PATH}/Podfile.lock\" \"${PODS_ROOT}/Manifest.lock\" > /dev/null\nif [ $? != 0 ] ; then\n    # print error to STDERR\n    echo \"error: The sandbox is not in sync with the Podfile.lock. Run 'pod install' or update your CocoaPods installation.\" >&2\n    exit 1\nfi\n# This output is used by Xcode 'outputs' to avoid re-running this script phase.\necho \"SUCCESS\" > \"${SCRIPT_OUTPUT_FILE_0}\"\n";
			showEnvVarsInLog = 0;
		};
		8AE3D8774F1D3EA812C97129 /* [CP] Embed Pods Frameworks */ = {
			isa = PBXShellScriptBuildPhase;
			buildActionMask = 2147483647;
			files = (
			);
			inputFileListPaths = (
				"${PODS_ROOT}/Target Support Files/Pods-UIPinExample/Pods-UIPinExample-frameworks-${CONFIGURATION}-input-files.xcfilelist",
			);
			name = "[CP] Embed Pods Frameworks";
			outputFileListPaths = (
				"${PODS_ROOT}/Target Support Files/Pods-UIPinExample/Pods-UIPinExample-frameworks-${CONFIGURATION}-output-files.xcfilelist",
			);
			runOnlyForDeploymentPostprocessing = 0;
			shellPath = /bin/sh;
			shellScript = "\"${PODS_ROOT}/Target Support Files/Pods-UIPinExample/Pods-UIPinExample-frameworks.sh\"\n";
			showEnvVarsInLog = 0;
		};
/* End PBXShellScriptBuildPhase section */

/* Begin PBXSourcesBuildPhase section */
		B1D7E768276D7B5C0057E92A /* Sources */ = {
			isa = PBXSourcesBuildPhase;
			buildActionMask = 2147483647;
			files = (
				B1D7E774276D7B5C0057E92A /* PinViewController.swift in Sources */,
				B1D7E770276D7B5C0057E92A /* AppDelegate.swift in Sources */,
				B1D7E772276D7B5C0057E92A /* SceneDelegate.swift in Sources */,
				B152643E276D8019001AD84C /* AfterPinViewController.swift in Sources */,
			);
			runOnlyForDeploymentPostprocessing = 0;
		};
/* End PBXSourcesBuildPhase section */

/* Begin PBXVariantGroup section */
		B1D7E77A276D7B5E0057E92A /* LaunchScreen.storyboard */ = {
			isa = PBXVariantGroup;
			children = (
				B1D7E77B276D7B5E0057E92A /* Base */,
			);
			name = LaunchScreen.storyboard;
			sourceTree = "<group>";
		};
/* End PBXVariantGroup section */

/* Begin XCBuildConfiguration section */
		B1D7E77E276D7B5E0057E92A /* Debug */ = {
			isa = XCBuildConfiguration;
			buildSettings = {
				ALWAYS_SEARCH_USER_PATHS = NO;
				CLANG_ANALYZER_NONNULL = YES;
				CLANG_ANALYZER_NUMBER_OBJECT_CONVERSION = YES_AGGRESSIVE;
				CLANG_CXX_LANGUAGE_STANDARD = "gnu++17";
				CLANG_CXX_LIBRARY = "libc++";
				CLANG_ENABLE_MODULES = YES;
				CLANG_ENABLE_OBJC_ARC = YES;
				CLANG_ENABLE_OBJC_WEAK = YES;
				CLANG_WARN_BLOCK_CAPTURE_AUTORELEASING = YES;
				CLANG_WARN_BOOL_CONVERSION = YES;
				CLANG_WARN_COMMA = YES;
				CLANG_WARN_CONSTANT_CONVERSION = YES;
				CLANG_WARN_DEPRECATED_OBJC_IMPLEMENTATIONS = YES;
				CLANG_WARN_DIRECT_OBJC_ISA_USAGE = YES_ERROR;
				CLANG_WARN_DOCUMENTATION_COMMENTS = YES;
				CLANG_WARN_EMPTY_BODY = YES;
				CLANG_WARN_ENUM_CONVERSION = YES;
				CLANG_WARN_INFINITE_RECURSION = YES;
				CLANG_WARN_INT_CONVERSION = YES;
				CLANG_WARN_NON_LITERAL_NULL_CONVERSION = YES;
				CLANG_WARN_OBJC_IMPLICIT_RETAIN_SELF = YES;
				CLANG_WARN_OBJC_LITERAL_CONVERSION = YES;
				CLANG_WARN_OBJC_ROOT_CLASS = YES_ERROR;
				CLANG_WARN_QUOTED_INCLUDE_IN_FRAMEWORK_HEADER = YES;
				CLANG_WARN_RANGE_LOOP_ANALYSIS = YES;
				CLANG_WARN_STRICT_PROTOTYPES = YES;
				CLANG_WARN_SUSPICIOUS_MOVE = YES;
				CLANG_WARN_UNGUARDED_AVAILABILITY = YES_AGGRESSIVE;
				CLANG_WARN_UNREACHABLE_CODE = YES;
				CLANG_WARN__DUPLICATE_METHOD_MATCH = YES;
				COPY_PHASE_STRIP = NO;
				DEBUG_INFORMATION_FORMAT = dwarf;
				ENABLE_STRICT_OBJC_MSGSEND = YES;
				ENABLE_TESTABILITY = YES;
				GCC_C_LANGUAGE_STANDARD = gnu11;
				GCC_DYNAMIC_NO_PIC = NO;
				GCC_NO_COMMON_BLOCKS = YES;
				GCC_OPTIMIZATION_LEVEL = 0;
				GCC_PREPROCESSOR_DEFINITIONS = (
					"DEBUG=1",
					"$(inherited)",
				);
				GCC_WARN_64_TO_32_BIT_CONVERSION = YES;
				GCC_WARN_ABOUT_RETURN_TYPE = YES_ERROR;
				GCC_WARN_UNDECLARED_SELECTOR = YES;
				GCC_WARN_UNINITIALIZED_AUTOS = YES_AGGRESSIVE;
				GCC_WARN_UNUSED_FUNCTION = YES;
				GCC_WARN_UNUSED_VARIABLE = YES;
				IPHONEOS_DEPLOYMENT_TARGET = 15.2;
				MTL_ENABLE_DEBUG_INFO = INCLUDE_SOURCE;
				MTL_FAST_MATH = YES;
				ONLY_ACTIVE_ARCH = YES;
				SDKROOT = iphoneos;
				SWIFT_ACTIVE_COMPILATION_CONDITIONS = DEBUG;
				SWIFT_OPTIMIZATION_LEVEL = "-Onone";
			};
			name = Debug;
		};
		B1D7E77F276D7B5E0057E92A /* Release */ = {
			isa = XCBuildConfiguration;
			buildSettings = {
				ALWAYS_SEARCH_USER_PATHS = NO;
				CLANG_ANALYZER_NONNULL = YES;
				CLANG_ANALYZER_NUMBER_OBJECT_CONVERSION = YES_AGGRESSIVE;
				CLANG_CXX_LANGUAGE_STANDARD = "gnu++17";
				CLANG_CXX_LIBRARY = "libc++";
				CLANG_ENABLE_MODULES = YES;
				CLANG_ENABLE_OBJC_ARC = YES;
				CLANG_ENABLE_OBJC_WEAK = YES;
				CLANG_WARN_BLOCK_CAPTURE_AUTORELEASING = YES;
				CLANG_WARN_BOOL_CONVERSION = YES;
				CLANG_WARN_COMMA = YES;
				CLANG_WARN_CONSTANT_CONVERSION = YES;
				CLANG_WARN_DEPRECATED_OBJC_IMPLEMENTATIONS = YES;
				CLANG_WARN_DIRECT_OBJC_ISA_USAGE = YES_ERROR;
				CLANG_WARN_DOCUMENTATION_COMMENTS = YES;
				CLANG_WARN_EMPTY_BODY = YES;
				CLANG_WARN_ENUM_CONVERSION = YES;
				CLANG_WARN_INFINITE_RECURSION = YES;
				CLANG_WARN_INT_CONVERSION = YES;
				CLANG_WARN_NON_LITERAL_NULL_CONVERSION = YES;
				CLANG_WARN_OBJC_IMPLICIT_RETAIN_SELF = YES;
				CLANG_WARN_OBJC_LITERAL_CONVERSION = YES;
				CLANG_WARN_OBJC_ROOT_CLASS = YES_ERROR;
				CLANG_WARN_QUOTED_INCLUDE_IN_FRAMEWORK_HEADER = YES;
				CLANG_WARN_RANGE_LOOP_ANALYSIS = YES;
				CLANG_WARN_STRICT_PROTOTYPES = YES;
				CLANG_WARN_SUSPICIOUS_MOVE = YES;
				CLANG_WARN_UNGUARDED_AVAILABILITY = YES_AGGRESSIVE;
				CLANG_WARN_UNREACHABLE_CODE = YES;
				CLANG_WARN__DUPLICATE_METHOD_MATCH = YES;
				COPY_PHASE_STRIP = NO;
				DEBUG_INFORMATION_FORMAT = "dwarf-with-dsym";
				ENABLE_NS_ASSERTIONS = NO;
				ENABLE_STRICT_OBJC_MSGSEND = YES;
				GCC_C_LANGUAGE_STANDARD = gnu11;
				GCC_NO_COMMON_BLOCKS = YES;
				GCC_WARN_64_TO_32_BIT_CONVERSION = YES;
				GCC_WARN_ABOUT_RETURN_TYPE = YES_ERROR;
				GCC_WARN_UNDECLARED_SELECTOR = YES;
				GCC_WARN_UNINITIALIZED_AUTOS = YES_AGGRESSIVE;
				GCC_WARN_UNUSED_FUNCTION = YES;
				GCC_WARN_UNUSED_VARIABLE = YES;
				IPHONEOS_DEPLOYMENT_TARGET = 15.2;
				MTL_ENABLE_DEBUG_INFO = NO;
				MTL_FAST_MATH = YES;
				SDKROOT = iphoneos;
				SWIFT_COMPILATION_MODE = wholemodule;
				SWIFT_OPTIMIZATION_LEVEL = "-O";
				VALIDATE_PRODUCT = YES;
			};
			name = Release;
		};
		B1D7E781276D7B5E0057E92A /* Debug */ = {
			isa = XCBuildConfiguration;
			baseConfigurationReference = FE493BC2F84A292E0F4614FD /* Pods-UIPinExample.debug.xcconfig */;
			buildSettings = {
				ASSETCATALOG_COMPILER_APPICON_NAME = AppIcon;
				ASSETCATALOG_COMPILER_GLOBAL_ACCENT_COLOR_NAME = AccentColor;
				CODE_SIGN_STYLE = Automatic;
				CURRENT_PROJECT_VERSION = 1;
				DEVELOPMENT_TEAM = 6UY9XT6W64;
				GENERATE_INFOPLIST_FILE = YES;
				INFOPLIST_FILE = UIPinExample/Info.plist;
				INFOPLIST_KEY_UIApplicationSupportsIndirectInputEvents = YES;
				INFOPLIST_KEY_UILaunchStoryboardName = LaunchScreen;
				INFOPLIST_KEY_UISupportedInterfaceOrientations = UIInterfaceOrientationPortrait;
				INFOPLIST_KEY_UISupportedInterfaceOrientations_iPad = "UIInterfaceOrientationPortrait UIInterfaceOrientationPortraitUpsideDown UIInterfaceOrientationLandscapeLeft UIInterfaceOrientationLandscapeRight";
				INFOPLIST_KEY_UISupportedInterfaceOrientations_iPhone = "UIInterfaceOrientationPortrait UIInterfaceOrientationLandscapeLeft UIInterfaceOrientationLandscapeRight";
				LD_RUNPATH_SEARCH_PATHS = (
					"$(inherited)",
					"@executable_path/Frameworks",
				);
				MARKETING_VERSION = 1.0;
				PRODUCT_BUNDLE_IDENTIFIER = com.mutluaydin.UIPinExample;
				PRODUCT_NAME = "$(TARGET_NAME)";
				SWIFT_EMIT_LOC_STRINGS = YES;
				SWIFT_VERSION = 5.0;
				TARGETED_DEVICE_FAMILY = "1,2";
			};
			name = Debug;
		};
		B1D7E782276D7B5E0057E92A /* Release */ = {
			isa = XCBuildConfiguration;
			baseConfigurationReference = 36272891BFAE93A06B565D71 /* Pods-UIPinExample.release.xcconfig */;
			buildSettings = {
				ASSETCATALOG_COMPILER_APPICON_NAME = AppIcon;
				ASSETCATALOG_COMPILER_GLOBAL_ACCENT_COLOR_NAME = AccentColor;
				CODE_SIGN_STYLE = Automatic;
				CURRENT_PROJECT_VERSION = 1;
				DEVELOPMENT_TEAM = 6UY9XT6W64;
				GENERATE_INFOPLIST_FILE = YES;
				INFOPLIST_FILE = UIPinExample/Info.plist;
				INFOPLIST_KEY_UIApplicationSupportsIndirectInputEvents = YES;
				INFOPLIST_KEY_UILaunchStoryboardName = LaunchScreen;
				INFOPLIST_KEY_UISupportedInterfaceOrientations = UIInterfaceOrientationPortrait;
				INFOPLIST_KEY_UISupportedInterfaceOrientations_iPad = "UIInterfaceOrientationPortrait UIInterfaceOrientationPortraitUpsideDown UIInterfaceOrientationLandscapeLeft UIInterfaceOrientationLandscapeRight";
				INFOPLIST_KEY_UISupportedInterfaceOrientations_iPhone = "UIInterfaceOrientationPortrait UIInterfaceOrientationLandscapeLeft UIInterfaceOrientationLandscapeRight";
				LD_RUNPATH_SEARCH_PATHS = (
					"$(inherited)",
					"@executable_path/Frameworks",
				);
				MARKETING_VERSION = 1.0;
				PRODUCT_BUNDLE_IDENTIFIER = com.mutluaydin.UIPinExample;
				PRODUCT_NAME = "$(TARGET_NAME)";
				SWIFT_EMIT_LOC_STRINGS = YES;
				SWIFT_VERSION = 5.0;
				TARGETED_DEVICE_FAMILY = "1,2";
			};
			name = Release;
		};
/* End XCBuildConfiguration section */

/* Begin XCConfigurationList section */
		B1D7E767276D7B5C0057E92A /* Build configuration list for PBXProject "UIPinExample" */ = {
			isa = XCConfigurationList;
			buildConfigurations = (
				B1D7E77E276D7B5E0057E92A /* Debug */,
				B1D7E77F276D7B5E0057E92A /* Release */,
			);
			defaultConfigurationIsVisible = 0;
			defaultConfigurationName = Release;
		};
		B1D7E780276D7B5E0057E92A /* Build configuration list for PBXNativeTarget "UIPinExample" */ = {
			isa = XCConfigurationList;
			buildConfigurations = (
				B1D7E781276D7B5E0057E92A /* Debug */,
				B1D7E782276D7B5E0057E92A /* Release */,
			);
			defaultConfigurationIsVisible = 0;
			defaultConfigurationName = Release;
		};
/* End XCConfigurationList section */
	};
	rootObject = B1D7E764276D7B5C0057E92A /* Project object */;
}
